// !$*UTF8*$!
{
	archiveVersion = 1;
	classes = {
	};
	objectVersion = 56;
	objects = {

/* Begin PBXBuildFile section */
		FCE5CC1829A764AC00DCC1DB /* StandingsHeaderView.xib in Resources */ = {isa = PBXBuildFile; fileRef = FCE5CC1729A764AC00DCC1DB /* StandingsHeaderView.xib */; };
		FCE5CC1A29A76E6F00DCC1DB /* StandingsFooterView.xib in Resources */ = {isa = PBXBuildFile; fileRef = FCE5CC1929A76E6F00DCC1DB /* StandingsFooterView.xib */; };
		FCEBDD5929A6C2D100013FE5 /* AppDelegate.swift in Sources */ = {isa = PBXBuildFile; fileRef = FCEBDD5829A6C2D100013FE5 /* AppDelegate.swift */; };
		FCEBDD5B29A6C2D100013FE5 /* SceneDelegate.swift in Sources */ = {isa = PBXBuildFile; fileRef = FCEBDD5A29A6C2D100013FE5 /* SceneDelegate.swift */; };
		FCEBDD5D29A6C2D100013FE5 /* StandingsViewController.swift in Sources */ = {isa = PBXBuildFile; fileRef = FCEBDD5C29A6C2D100013FE5 /* StandingsViewController.swift */; };
		FCEBDD6029A6C2D100013FE5 /* Main.storyboard in Resources */ = {isa = PBXBuildFile; fileRef = FCEBDD5E29A6C2D100013FE5 /* Main.storyboard */; };
		FCEBDD6229A6C2D300013FE5 /* Assets.xcassets in Resources */ = {isa = PBXBuildFile; fileRef = FCEBDD6129A6C2D300013FE5 /* Assets.xcassets */; };
		FCEBDD6529A6C2D300013FE5 /* LaunchScreen.storyboard in Resources */ = {isa = PBXBuildFile; fileRef = FCEBDD6329A6C2D300013FE5 /* LaunchScreen.storyboard */; };
		FCEBDD6D29A6C5C400013FE5 /* TeamCell.xib in Resources */ = {isa = PBXBuildFile; fileRef = FCEBDD6C29A6C5C400013FE5 /* TeamCell.xib */; };
		FCEBDD6F29A6C95400013FE5 /* TeamCell.swift in Sources */ = {isa = PBXBuildFile; fileRef = FCEBDD6E29A6C95400013FE5 /* TeamCell.swift */; };
		FCEBDD7129A6CB1000013FE5 /* Team.swift in Sources */ = {isa = PBXBuildFile; fileRef = FCEBDD7029A6CB1000013FE5 /* Team.swift */; };
/* End PBXBuildFile section */

/* Begin PBXFileReference section */
		FCE5CC1729A764AC00DCC1DB /* StandingsHeaderView.xib */ = {isa = PBXFileReference; lastKnownFileType = file.xib; path = StandingsHeaderView.xib; sourceTree = "<group>"; };
		FCE5CC1929A76E6F00DCC1DB /* StandingsFooterView.xib */ = {isa = PBXFileReference; lastKnownFileType = file.xib; path = StandingsFooterView.xib; sourceTree = "<group>"; };
		FCEBDD5529A6C2D100013FE5 /* Standings.app */ = {isa = PBXFileReference; explicitFileType = wrapper.application; includeInIndex = 0; path = Standings.app; sourceTree = BUILT_PRODUCTS_DIR; };
		FCEBDD5829A6C2D100013FE5 /* AppDelegate.swift */ = {isa = PBXFileReference; lastKnownFileType = sourcecode.swift; path = AppDelegate.swift; sourceTree = "<group>"; };
		FCEBDD5A29A6C2D100013FE5 /* SceneDelegate.swift */ = {isa = PBXFileReference; lastKnownFileType = sourcecode.swift; path = SceneDelegate.swift; sourceTree = "<group>"; };
		FCEBDD5C29A6C2D100013FE5 /* StandingsViewController.swift */ = {isa = PBXFileReference; lastKnownFileType = sourcecode.swift; path = StandingsViewController.swift; sourceTree = "<group>"; };
		FCEBDD5F29A6C2D100013FE5 /* Base */ = {isa = PBXFileReference; lastKnownFileType = file.storyboard; name = Base; path = Base.lproj/Main.storyboard; sourceTree = "<group>"; };
		FCEBDD6129A6C2D300013FE5 /* Assets.xcassets */ = {isa = PBXFileReference; lastKnownFileType = folder.assetcatalog; path = Assets.xcassets; sourceTree = "<group>"; };
		FCEBDD6429A6C2D300013FE5 /* Base */ = {isa = PBXFileReference; lastKnownFileType = file.storyboard; name = Base; path = Base.lproj/LaunchScreen.storyboard; sourceTree = "<group>"; };
		FCEBDD6629A6C2D300013FE5 /* Info.plist */ = {isa = PBXFileReference; lastKnownFileType = text.plist.xml; path = Info.plist; sourceTree = "<group>"; };
		FCEBDD6C29A6C5C400013FE5 /* TeamCell.xib */ = {isa = PBXFileReference; lastKnownFileType = file.xib; path = TeamCell.xib; sourceTree = "<group>"; };
		FCEBDD6E29A6C95400013FE5 /* TeamCell.swift */ = {isa = PBXFileReference; lastKnownFileType = sourcecode.swift; path = TeamCell.swift; sourceTree = "<group>"; };
		FCEBDD7029A6CB1000013FE5 /* Team.swift */ = {isa = PBXFileReference; lastKnownFileType = sourcecode.swift; path = Team.swift; sourceTree = "<group>"; };
/* End PBXFileReference section */

/* Begin PBXFrameworksBuildPhase section */
		FCEBDD5229A6C2D100013FE5 /* Frameworks */ = {
			isa = PBXFrameworksBuildPhase;
			buildActionMask = 2147483647;
			files = (
			);
			runOnlyForDeploymentPostprocessing = 0;
		};
/* End PBXFrameworksBuildPhase section */

/* Begin PBXGroup section */
		FCEBDD4C29A6C2D100013FE5 = {
			isa = PBXGroup;
			children = (
				FCEBDD5729A6C2D100013FE5 /* Standings */,
				FCEBDD5629A6C2D100013FE5 /* Products */,
			);
			sourceTree = "<group>";
		};
		FCEBDD5629A6C2D100013FE5 /* Products */ = {
			isa = PBXGroup;
			children = (
				FCEBDD5529A6C2D100013FE5 /* Standings.app */,
			);
			name = Products;
			sourceTree = "<group>";
		};
		FCEBDD5729A6C2D100013FE5 /* Standings */ = {
			isa = PBXGroup;
			children = (
				FCEBDD5829A6C2D100013FE5 /* AppDelegate.swift */,
				FCEBDD5A29A6C2D100013FE5 /* SceneDelegate.swift */,
				FCEBDD5C29A6C2D100013FE5 /* StandingsViewController.swift */,
				FCEBDD6E29A6C95400013FE5 /* TeamCell.swift */,
				FCEBDD7029A6CB1000013FE5 /* Team.swift */,
				FCEBDD5E29A6C2D100013FE5 /* Main.storyboard */,
				FCE5CC1729A764AC00DCC1DB /* StandingsHeaderView.xib */,
				FCE5CC1929A76E6F00DCC1DB /* StandingsFooterView.xib */,
				FCEBDD6C29A6C5C400013FE5 /* TeamCell.xib */,
				FCEBDD6129A6C2D300013FE5 /* Assets.xcassets */,
				FCEBDD6329A6C2D300013FE5 /* LaunchScreen.storyboard */,
				FCEBDD6629A6C2D300013FE5 /* Info.plist */,
			);
			path = Standings;
			sourceTree = "<group>";
		};
/* End PBXGroup section */

/* Begin PBXNativeTarget section */
		FCEBDD5429A6C2D100013FE5 /* Standings */ = {
			isa = PBXNativeTarget;
			buildConfigurationList = FCEBDD6929A6C2D300013FE5 /* Build configuration list for PBXNativeTarget "Standings" */;
			buildPhases = (
				FCEBDD5129A6C2D100013FE5 /* Sources */,
				FCEBDD5229A6C2D100013FE5 /* Frameworks */,
				FCEBDD5329A6C2D100013FE5 /* Resources */,
			);
			buildRules = (
			);
			dependencies = (
			);
			name = Standings;
			productName = Standings;
			productReference = FCEBDD5529A6C2D100013FE5 /* Standings.app */;
			productType = "com.apple.product-type.application";
		};
/* End PBXNativeTarget section */

/* Begin PBXProject section */
		FCEBDD4D29A6C2D100013FE5 /* Project object */ = {
			isa = PBXProject;
			attributes = {
				BuildIndependentTargetsInParallel = 1;
				LastSwiftUpdateCheck = 1420;
				LastUpgradeCheck = 1420;
				TargetAttributes = {
					FCEBDD5429A6C2D100013FE5 = {
						CreatedOnToolsVersion = 14.2;
					};
				};
			};
			buildConfigurationList = FCEBDD5029A6C2D100013FE5 /* Build configuration list for PBXProject "Standings" */;
			compatibilityVersion = "Xcode 14.0";
			developmentRegion = en;
			hasScannedForEncodings = 0;
			knownRegions = (
				en,
				Base,
			);
			mainGroup = FCEBDD4C29A6C2D100013FE5;
			productRefGroup = FCEBDD5629A6C2D100013FE5 /* Products */;
			projectDirPath = "";
			projectRoot = "";
			targets = (
				FCEBDD5429A6C2D100013FE5 /* Standings */,
			);
		};
/* End PBXProject section */

/* Begin PBXResourcesBuildPhase section */
		FCEBDD5329A6C2D100013FE5 /* Resources */ = {
			isa = PBXResourcesBuildPhase;
			buildActionMask = 2147483647;
			files = (
				FCEBDD6D29A6C5C400013FE5 /* TeamCell.xib in Resources */,
				FCEBDD6529A6C2D300013FE5 /* LaunchScreen.storyboard in Resources */,
				FCEBDD6229A6C2D300013FE5 /* Assets.xcassets in Resources */,
				FCE5CC1A29A76E6F00DCC1DB /* StandingsFooterView.xib in Resources */,
				FCE5CC1829A764AC00DCC1DB /* StandingsHeaderView.xib in Resources */,
				FCEBDD6029A6C2D100013FE5 /* Main.storyboard in Resources */,
			);
			runOnlyForDeploymentPostprocessing = 0;
		};
/* End PBXResourcesBuildPhase section */

/* Begin PBXSourcesBuildPhase section */
		FCEBDD5129A6C2D100013FE5 /* Sources */ = {
			isa = PBXSourcesBuildPhase;
			buildActionMask = 2147483647;
			files = (
				FCEBDD5D29A6C2D100013FE5 /* StandingsViewController.swift in Sources */,
				FCEBDD6F29A6C95400013FE5 /* TeamCell.swift in Sources */,
				FCEBDD5929A6C2D100013FE5 /* AppDelegate.swift in Sources */,
				FCEBDD7129A6CB1000013FE5 /* Team.swift in Sources */,
				FCEBDD5B29A6C2D100013FE5 /* SceneDelegate.swift in Sources */,
			);
			runOnlyForDeploymentPostprocessing = 0;
		};
/* End PBXSourcesBuildPhase section */

/* Begin PBXVariantGroup section */
		FCEBDD5E29A6C2D100013FE5 /* Main.storyboard */ = {
			isa = PBXVariantGroup;
			children = (
				FCEBDD5F29A6C2D100013FE5 /* Base */,
			);
			name = Main.storyboard;
			sourceTree = "<group>";
		};
		FCEBDD6329A6C2D300013FE5 /* LaunchScreen.storyboard */ = {
			isa = PBXVariantGroup;
			children = (
				FCEBDD6429A6C2D300013FE5 /* Base */,
			);
			name = LaunchScreen.storyboard;
			sourceTree = "<group>";
		};
/* End PBXVariantGroup section */

/* Begin XCBuildConfiguration section */
		FCEBDD6729A6C2D300013FE5 /* Debug */ = {
			isa = XCBuildConfiguration;
			buildSettings = {
				ALWAYS_SEARCH_USER_PATHS = NO;
				CLANG_ANALYZER_NONNULL = YES;
				CLANG_ANALYZER_NUMBER_OBJECT_CONVERSION = YES_AGGRESSIVE;
				CLANG_CXX_LANGUAGE_STANDARD = "gnu++20";
				CLANG_ENABLE_MODULES = YES;
				CLANG_ENABLE_OBJC_ARC = YES;
				CLANG_ENABLE_OBJC_WEAK = YES;
				CLANG_WARN_BLOCK_CAPTURE_AUTORELEASING = YES;
				CLANG_WARN_BOOL_CONVERSION = YES;
				CLANG_WARN_COMMA = YES;
				CLANG_WARN_CONSTANT_CONVERSION = YES;
				CLANG_WARN_DEPRECATED_OBJC_IMPLEMENTATIONS = YES;
				CLANG_WARN_DIRECT_OBJC_ISA_USAGE = YES_ERROR;
				CLANG_WARN_DOCUMENTATION_COMMENTS = YES;
				CLANG_WARN_EMPTY_BODY = YES;
				CLANG_WARN_ENUM_CONVERSION = YES;
				CLANG_WARN_INFINITE_RECURSION = YES;
				CLANG_WARN_INT_CONVERSION = YES;
				CLANG_WARN_NON_LITERAL_NULL_CONVERSION = YES;
				CLANG_WARN_OBJC_IMPLICIT_RETAIN_SELF = YES;
				CLANG_WARN_OBJC_LITERAL_CONVERSION = YES;
				CLANG_WARN_OBJC_ROOT_CLASS = YES_ERROR;
				CLANG_WARN_QUOTED_INCLUDE_IN_FRAMEWORK_HEADER = YES;
				CLANG_WARN_RANGE_LOOP_ANALYSIS = YES;
				CLANG_WARN_STRICT_PROTOTYPES = YES;
				CLANG_WARN_SUSPICIOUS_MOVE = YES;
				CLANG_WARN_UNGUARDED_AVAILABILITY = YES_AGGRESSIVE;
				CLANG_WARN_UNREACHABLE_CODE = YES;
				CLANG_WARN__DUPLICATE_METHOD_MATCH = YES;
				COPY_PHASE_STRIP = NO;
				DEBUG_INFORMATION_FORMAT = dwarf;
				ENABLE_STRICT_OBJC_MSGSEND = YES;
				ENABLE_TESTABILITY = YES;
				GCC_C_LANGUAGE_STANDARD = gnu11;
				GCC_DYNAMIC_NO_PIC = NO;
				GCC_NO_COMMON_BLOCKS = YES;
				GCC_OPTIMIZATION_LEVEL = 0;
				GCC_PREPROCESSOR_DEFINITIONS = (
					"DEBUG=1",
					"$(inherited)",
				);
				GCC_WARN_64_TO_32_BIT_CONVERSION = YES;
				GCC_WARN_ABOUT_RETURN_TYPE = YES_ERROR;
				GCC_WARN_UNDECLARED_SELECTOR = YES;
				GCC_WARN_UNINITIALIZED_AUTOS = YES_AGGRESSIVE;
				GCC_WARN_UNUSED_FUNCTION = YES;
				GCC_WARN_UNUSED_VARIABLE = YES;
				IPHONEOS_DEPLOYMENT_TARGET = 16.2;
				MTL_ENABLE_DEBUG_INFO = INCLUDE_SOURCE;
				MTL_FAST_MATH = YES;
				ONLY_ACTIVE_ARCH = YES;
				SDKROOT = iphoneos;
				SWIFT_ACTIVE_COMPILATION_CONDITIONS = DEBUG;
				SWIFT_OPTIMIZATION_LEVEL = "-Onone";
			};
			name = Debug;
		};
		FCEBDD6829A6C2D300013FE5 /* Release */ = {
			isa = XCBuildConfiguration;
			buildSettings = {
				ALWAYS_SEARCH_USER_PATHS = NO;
				CLANG_ANALYZER_NONNULL = YES;
				CLANG_ANALYZER_NUMBER_OBJECT_CONVERSION = YES_AGGRESSIVE;
				CLANG_CXX_LANGUAGE_STANDARD = "gnu++20";
				CLANG_ENABLE_MODULES = YES;
				CLANG_ENABLE_OBJC_ARC = YES;
				CLANG_ENABLE_OBJC_WEAK = YES;
				CLANG_WARN_BLOCK_CAPTURE_AUTORELEASING = YES;
				CLANG_WARN_BOOL_CONVERSION = YES;
				CLANG_WARN_COMMA = YES;
				CLANG_WARN_CONSTANT_CONVERSION = YES;
				CLANG_WARN_DEPRECATED_OBJC_IMPLEMENTATIONS = YES;
				CLANG_WARN_DIRECT_OBJC_ISA_USAGE = YES_ERROR;
				CLANG_WARN_DOCUMENTATION_COMMENTS = YES;
				CLANG_WARN_EMPTY_BODY = YES;
				CLANG_WARN_ENUM_CONVERSION = YES;
				CLANG_WARN_INFINITE_RECURSION = YES;
				CLANG_WARN_INT_CONVERSION = YES;
				CLANG_WARN_NON_LITERAL_NULL_CONVERSION = YES;
				CLANG_WARN_OBJC_IMPLICIT_RETAIN_SELF = YES;
				CLANG_WARN_OBJC_LITERAL_CONVERSION = YES;
				CLANG_WARN_OBJC_ROOT_CLASS = YES_ERROR;
				CLANG_WARN_QUOTED_INCLUDE_IN_FRAMEWORK_HEADER = YES;
				CLANG_WARN_RANGE_LOOP_ANALYSIS = YES;
				CLANG_WARN_STRICT_PROTOTYPES = YES;
				CLANG_WARN_SUSPICIOUS_MOVE = YES;
				CLANG_WARN_UNGUARDED_AVAILABILITY = YES_AGGRESSIVE;
				CLANG_WARN_UNREACHABLE_CODE = YES;
				CLANG_WARN__DUPLICATE_METHOD_MATCH = YES;
				COPY_PHASE_STRIP = NO;
				DEBUG_INFORMATION_FORMAT = "dwarf-with-dsym";
				ENABLE_NS_ASSERTIONS = NO;
				ENABLE_STRICT_OBJC_MSGSEND = YES;
				GCC_C_LANGUAGE_STANDARD = gnu11;
				GCC_NO_COMMON_BLOCKS = YES;
				GCC_WARN_64_TO_32_BIT_CONVERSION = YES;
				GCC_WARN_ABOUT_RETURN_TYPE = YES_ERROR;
				GCC_WARN_UNDECLARED_SELECTOR = YES;
				GCC_WARN_UNINITIALIZED_AUTOS = YES_AGGRESSIVE;
				GCC_WARN_UNUSED_FUNCTION = YES;
				GCC_WARN_UNUSED_VARIABLE = YES;
				IPHONEOS_DEPLOYMENT_TARGET = 16.2;
				MTL_ENABLE_DEBUG_INFO = NO;
				MTL_FAST_MATH = YES;
				SDKROOT = iphoneos;
				SWIFT_COMPILATION_MODE = wholemodule;
				SWIFT_OPTIMIZATION_LEVEL = "-O";
				VALIDATE_PRODUCT = YES;
			};
			name = Release;
		};
		FCEBDD6A29A6C2D300013FE5 /* Debug */ = {
			isa = XCBuildConfiguration;
			buildSettings = {
				ASSETCATALOG_COMPILER_APPICON_NAME = AppIcon;
				ASSETCATALOG_COMPILER_GLOBAL_ACCENT_COLOR_NAME = AccentColor;
				CODE_SIGN_STYLE = Automatic;
				CURRENT_PROJECT_VERSION = 1;
				DEVELOPMENT_TEAM = B8527SZ2ED;
				GENERATE_INFOPLIST_FILE = YES;
				INFOPLIST_FILE = Standings/Info.plist;
				INFOPLIST_KEY_UIApplicationSupportsIndirectInputEvents = YES;
				INFOPLIST_KEY_UILaunchStoryboardName = LaunchScreen;
				INFOPLIST_KEY_UIMainStoryboardFile = Main;
				INFOPLIST_KEY_UISupportedInterfaceOrientations_iPad = "UIInterfaceOrientationPortrait UIInterfaceOrientationPortraitUpsideDown UIInterfaceOrientationLandscapeLeft UIInterfaceOrientationLandscapeRight";
				INFOPLIST_KEY_UISupportedInterfaceOrientations_iPhone = "UIInterfaceOrientationPortrait UIInterfaceOrientationLandscapeLeft UIInterfaceOrientationLandscapeRight";
				LD_RUNPATH_SEARCH_PATHS = (
					"$(inherited)",
					"@executable_path/Frameworks",
				);
				MARKETING_VERSION = 1.0;
				PRODUCT_BUNDLE_IDENTIFIER = com.advantage.Standings;
				PRODUCT_NAME = "$(TARGET_NAME)";
				SWIFT_EMIT_LOC_STRINGS = YES;
				SWIFT_VERSION = 5.0;
				TARGETED_DEVICE_FAMILY = "1,2";
			};
			name = Debug;
		};
		FCEBDD6B29A6C2D300013FE5 /* Release */ = {
			isa = XCBuildConfiguration;
			buildSettings = {
				ASSETCATALOG_COMPILER_APPICON_NAME = AppIcon;
				ASSETCATALOG_COMPILER_GLOBAL_ACCENT_COLOR_NAME = AccentColor;
				CODE_SIGN_STYLE = Automatic;
				CURRENT_PROJECT_VERSION = 1;
				DEVELOPMENT_TEAM = B8527SZ2ED;
				GENERATE_INFOPLIST_FILE = YES;
				INFOPLIST_FILE = Standings/Info.plist;
				INFOPLIST_KEY_UIApplicationSupportsIndirectInputEvents = YES;
				INFOPLIST_KEY_UILaunchStoryboardName = LaunchScreen;
				INFOPLIST_KEY_UIMainStoryboardFile = Main;
				INFOPLIST_KEY_UISupportedInterfaceOrientations_iPad = "UIInterfaceOrientationPortrait UIInterfaceOrientationPortraitUpsideDown UIInterfaceOrientationLandscapeLeft UIInterfaceOrientationLandscapeRight";
				INFOPLIST_KEY_UISupportedInterfaceOrientations_iPhone = "UIInterfaceOrientationPortrait UIInterfaceOrientationLandscapeLeft UIInterfaceOrientationLandscapeRight";
				LD_RUNPATH_SEARCH_PATHS = (
					"$(inherited)",
					"@executable_path/Frameworks",
				);
				MARKETING_VERSION = 1.0;
				PRODUCT_BUNDLE_IDENTIFIER = com.advantage.Standings;
				PRODUCT_NAME = "$(TARGET_NAME)";
				SWIFT_EMIT_LOC_STRINGS = YES;
				SWIFT_VERSION = 5.0;
				TARGETED_DEVICE_FAMILY = "1,2";
			};
			name = Release;
		};
/* End XCBuildConfiguration section */

/* Begin XCConfigurationList section */
		FCEBDD5029A6C2D100013FE5 /* Build configuration list for PBXProject "Standings" */ = {
			isa = XCConfigurationList;
			buildConfigurations = (
				FCEBDD6729A6C2D300013FE5 /* Debug */,
				FCEBDD6829A6C2D300013FE5 /* Release */,
			);
			defaultConfigurationIsVisible = 0;
			defaultConfigurationName = Release;
		};
		FCEBDD6929A6C2D300013FE5 /* Build configuration list for PBXNativeTarget "Standings" */ = {
			isa = XCConfigurationList;
			buildConfigurations = (
				FCEBDD6A29A6C2D300013FE5 /* Debug */,
				FCEBDD6B29A6C2D300013FE5 /* Release */,
			);
			defaultConfigurationIsVisible = 0;
			defaultConfigurationName = Release;
		};
/* End XCConfigurationList section */
	};
	rootObject = FCEBDD4D29A6C2D100013FE5 /* Project object */;
}
