// !$*UTF8*$!
{
	archiveVersion = 1;
	classes = {
	};
	objectVersion = 56;
	objects = {

/* Begin PBXBuildFile section */
		FC0B1BC829C1C6DE00E9BCFC /* OrderViewCell.xib in Resources */ = {isa = PBXBuildFile; fileRef = FC0B1BC729C1C6DE00E9BCFC /* OrderViewCell.xib */; };
		FC0B1BCA29C1C72200E9BCFC /* OrderViewCell.swift in Sources */ = {isa = PBXBuildFile; fileRef = FC0B1BC929C1C72200E9BCFC /* OrderViewCell.swift */; };
		FC4206F229C1C5C300453338 /* AppDelegate.swift in Sources */ = {isa = PBXBuildFile; fileRef = FC4206F129C1C5C300453338 /* AppDelegate.swift */; };
		FC4206F429C1C5C300453338 /* SceneDelegate.swift in Sources */ = {isa = PBXBuildFile; fileRef = FC4206F329C1C5C300453338 /* SceneDelegate.swift */; };
		FC4206F629C1C5C300453338 /* PizzaStoreViewController.swift in Sources */ = {isa = PBXBuildFile; fileRef = FC4206F529C1C5C300453338 /* PizzaStoreViewController.swift */; };
		FC4206F929C1C5C300453338 /* Main.storyboard in Resources */ = {isa = PBXBuildFile; fileRef = FC4206F729C1C5C300453338 /* Main.storyboard */; };
		FC4206FB29C1C5C400453338 /* Assets.xcassets in Resources */ = {isa = PBXBuildFile; fileRef = FC4206FA29C1C5C400453338 /* Assets.xcassets */; };
		FC4206FE29C1C5C400453338 /* LaunchScreen.storyboard in Resources */ = {isa = PBXBuildFile; fileRef = FC4206FC29C1C5C400453338 /* LaunchScreen.storyboard */; };
		FCD1E84829C1CA08008DF1E7 /* Pizza.swift in Sources */ = {isa = PBXBuildFile; fileRef = FCD1E84729C1CA08008DF1E7 /* Pizza.swift */; };
		FCD1E84B29C1CEC1008DF1E7 /* CustomerViewController.swift in Sources */ = {isa = PBXBuildFile; fileRef = FCD1E84929C1CEC1008DF1E7 /* CustomerViewController.swift */; };
		FCD1E84C29C1CEC1008DF1E7 /* CustomerViewController.xib in Resources */ = {isa = PBXBuildFile; fileRef = FCD1E84A29C1CEC1008DF1E7 /* CustomerViewController.xib */; };
/* End PBXBuildFile section */

/* Begin PBXFileReference section */
		FC0B1BC729C1C6DE00E9BCFC /* OrderViewCell.xib */ = {isa = PBXFileReference; lastKnownFileType = file.xib; path = OrderViewCell.xib; sourceTree = "<group>"; };
		FC0B1BC929C1C72200E9BCFC /* OrderViewCell.swift */ = {isa = PBXFileReference; lastKnownFileType = sourcecode.swift; path = OrderViewCell.swift; sourceTree = "<group>"; };
		FC4206EE29C1C5C300453338 /* PizzaStore.app */ = {isa = PBXFileReference; explicitFileType = wrapper.application; includeInIndex = 0; path = PizzaStore.app; sourceTree = BUILT_PRODUCTS_DIR; };
		FC4206F129C1C5C300453338 /* AppDelegate.swift */ = {isa = PBXFileReference; lastKnownFileType = sourcecode.swift; path = AppDelegate.swift; sourceTree = "<group>"; };
		FC4206F329C1C5C300453338 /* SceneDelegate.swift */ = {isa = PBXFileReference; lastKnownFileType = sourcecode.swift; path = SceneDelegate.swift; sourceTree = "<group>"; };
		FC4206F529C1C5C300453338 /* PizzaStoreViewController.swift */ = {isa = PBXFileReference; lastKnownFileType = sourcecode.swift; path = PizzaStoreViewController.swift; sourceTree = "<group>"; };
		FC4206F829C1C5C300453338 /* Base */ = {isa = PBXFileReference; lastKnownFileType = file.storyboard; name = Base; path = Base.lproj/Main.storyboard; sourceTree = "<group>"; };
		FC4206FA29C1C5C400453338 /* Assets.xcassets */ = {isa = PBXFileReference; lastKnownFileType = folder.assetcatalog; path = Assets.xcassets; sourceTree = "<group>"; };
		FC4206FD29C1C5C400453338 /* Base */ = {isa = PBXFileReference; lastKnownFileType = file.storyboard; name = Base; path = Base.lproj/LaunchScreen.storyboard; sourceTree = "<group>"; };
		FC4206FF29C1C5C400453338 /* Info.plist */ = {isa = PBXFileReference; lastKnownFileType = text.plist.xml; path = Info.plist; sourceTree = "<group>"; };
		FCD1E84729C1CA08008DF1E7 /* Pizza.swift */ = {isa = PBXFileReference; lastKnownFileType = sourcecode.swift; path = Pizza.swift; sourceTree = "<group>"; };
		FCD1E84929C1CEC1008DF1E7 /* CustomerViewController.swift */ = {isa = PBXFileReference; lastKnownFileType = sourcecode.swift; path = CustomerViewController.swift; sourceTree = "<group>"; };
		FCD1E84A29C1CEC1008DF1E7 /* CustomerViewController.xib */ = {isa = PBXFileReference; lastKnownFileType = file.xib; path = CustomerViewController.xib; sourceTree = "<group>"; };
/* End PBXFileReference section */

/* Begin PBXFrameworksBuildPhase section */
		FC4206EB29C1C5C300453338 /* Frameworks */ = {
			isa = PBXFrameworksBuildPhase;
			buildActionMask = 2147483647;
			files = (
			);
			runOnlyForDeploymentPostprocessing = 0;
		};
/* End PBXFrameworksBuildPhase section */

/* Begin PBXGroup section */
		FC4206E529C1C5C300453338 = {
			isa = PBXGroup;
			children = (
				FC4206F029C1C5C300453338 /* PizzaStore */,
				FC4206EF29C1C5C300453338 /* Products */,
			);
			sourceTree = "<group>";
		};
		FC4206EF29C1C5C300453338 /* Products */ = {
			isa = PBXGroup;
			children = (
				FC4206EE29C1C5C300453338 /* PizzaStore.app */,
			);
			name = Products;
			sourceTree = "<group>";
		};
		FC4206F029C1C5C300453338 /* PizzaStore */ = {
			isa = PBXGroup;
			children = (
				FC4206F129C1C5C300453338 /* AppDelegate.swift */,
				FC4206F329C1C5C300453338 /* SceneDelegate.swift */,
				FC4206F529C1C5C300453338 /* PizzaStoreViewController.swift */,
				FCD1E84729C1CA08008DF1E7 /* Pizza.swift */,
				FCD1E84929C1CEC1008DF1E7 /* CustomerViewController.swift */,
				FCD1E84A29C1CEC1008DF1E7 /* CustomerViewController.xib */,
				FC0B1BC929C1C72200E9BCFC /* OrderViewCell.swift */,
				FC4206F729C1C5C300453338 /* Main.storyboard */,
				FC0B1BC729C1C6DE00E9BCFC /* OrderViewCell.xib */,
				FC4206FA29C1C5C400453338 /* Assets.xcassets */,
				FC4206FC29C1C5C400453338 /* LaunchScreen.storyboard */,
				FC4206FF29C1C5C400453338 /* Info.plist */,
			);
			path = PizzaStore;
			sourceTree = "<group>";
		};
/* End PBXGroup section */

/* Begin PBXNativeTarget section */
		FC4206ED29C1C5C300453338 /* PizzaStore */ = {
			isa = PBXNativeTarget;
			buildConfigurationList = FC42070229C1C5C400453338 /* Build configuration list for PBXNativeTarget "PizzaStore" */;
			buildPhases = (
				FC4206EA29C1C5C300453338 /* Sources */,
				FC4206EB29C1C5C300453338 /* Frameworks */,
				FC4206EC29C1C5C300453338 /* Resources */,
			);
			buildRules = (
			);
			dependencies = (
			);
			name = PizzaStore;
			productName = PizzaStore;
			productReference = FC4206EE29C1C5C300453338 /* PizzaStore.app */;
			productType = "com.apple.product-type.application";
		};
/* End PBXNativeTarget section */

/* Begin PBXProject section */
		FC4206E629C1C5C300453338 /* Project object */ = {
			isa = PBXProject;
			attributes = {
				BuildIndependentTargetsInParallel = 1;
				LastSwiftUpdateCheck = 1420;
				LastUpgradeCheck = 1420;
				TargetAttributes = {
					FC4206ED29C1C5C300453338 = {
						CreatedOnToolsVersion = 14.2;
					};
				};
			};
			buildConfigurationList = FC4206E929C1C5C300453338 /* Build configuration list for PBXProject "PizzaStore" */;
			compatibilityVersion = "Xcode 14.0";
			developmentRegion = en;
			hasScannedForEncodings = 0;
			knownRegions = (
				en,
				Base,
			);
			mainGroup = FC4206E529C1C5C300453338;
			productRefGroup = FC4206EF29C1C5C300453338 /* Products */;
			projectDirPath = "";
			projectRoot = "";
			targets = (
				FC4206ED29C1C5C300453338 /* PizzaStore */,
			);
		};
/* End PBXProject section */

/* Begin PBXResourcesBuildPhase section */
		FC4206EC29C1C5C300453338 /* Resources */ = {
			isa = PBXResourcesBuildPhase;
			buildActionMask = 2147483647;
			files = (
				FC4206FE29C1C5C400453338 /* LaunchScreen.storyboard in Resources */,
				FC0B1BC829C1C6DE00E9BCFC /* OrderViewCell.xib in Resources */,
				FC4206FB29C1C5C400453338 /* Assets.xcassets in Resources */,
				FC4206F929C1C5C300453338 /* Main.storyboard in Resources */,
				FCD1E84C29C1CEC1008DF1E7 /* CustomerViewController.xib in Resources */,
			);
			runOnlyForDeploymentPostprocessing = 0;
		};
/* End PBXResourcesBuildPhase section */

/* Begin PBXSourcesBuildPhase section */
		FC4206EA29C1C5C300453338 /* Sources */ = {
			isa = PBXSourcesBuildPhase;
			buildActionMask = 2147483647;
			files = (
				FCD1E84B29C1CEC1008DF1E7 /* CustomerViewController.swift in Sources */,
				FC4206F629C1C5C300453338 /* PizzaStoreViewController.swift in Sources */,
				FC0B1BCA29C1C72200E9BCFC /* OrderViewCell.swift in Sources */,
				FC4206F229C1C5C300453338 /* AppDelegate.swift in Sources */,
				FCD1E84829C1CA08008DF1E7 /* Pizza.swift in Sources */,
				FC4206F429C1C5C300453338 /* SceneDelegate.swift in Sources */,
			);
			runOnlyForDeploymentPostprocessing = 0;
		};
/* End PBXSourcesBuildPhase section */

/* Begin PBXVariantGroup section */
		FC4206F729C1C5C300453338 /* Main.storyboard */ = {
			isa = PBXVariantGroup;
			children = (
				FC4206F829C1C5C300453338 /* Base */,
			);
			name = Main.storyboard;
			sourceTree = "<group>";
		};
		FC4206FC29C1C5C400453338 /* LaunchScreen.storyboard */ = {
			isa = PBXVariantGroup;
			children = (
				FC4206FD29C1C5C400453338 /* Base */,
			);
			name = LaunchScreen.storyboard;
			sourceTree = "<group>";
		};
/* End PBXVariantGroup section */

/* Begin XCBuildConfiguration section */
		FC42070029C1C5C400453338 /* Debug */ = {
			isa = XCBuildConfiguration;
			buildSettings = {
				ALWAYS_SEARCH_USER_PATHS = NO;
				CLANG_ANALYZER_NONNULL = YES;
				CLANG_ANALYZER_NUMBER_OBJECT_CONVERSION = YES_AGGRESSIVE;
				CLANG_CXX_LANGUAGE_STANDARD = "gnu++20";
				CLANG_ENABLE_MODULES = YES;
				CLANG_ENABLE_OBJC_ARC = YES;
				CLANG_ENABLE_OBJC_WEAK = YES;
				CLANG_WARN_BLOCK_CAPTURE_AUTORELEASING = YES;
				CLANG_WARN_BOOL_CONVERSION = YES;
				CLANG_WARN_COMMA = YES;
				CLANG_WARN_CONSTANT_CONVERSION = YES;
				CLANG_WARN_DEPRECATED_OBJC_IMPLEMENTATIONS = YES;
				CLANG_WARN_DIRECT_OBJC_ISA_USAGE = YES_ERROR;
				CLANG_WARN_DOCUMENTATION_COMMENTS = YES;
				CLANG_WARN_EMPTY_BODY = YES;
				CLANG_WARN_ENUM_CONVERSION = YES;
				CLANG_WARN_INFINITE_RECURSION = YES;
				CLANG_WARN_INT_CONVERSION = YES;
				CLANG_WARN_NON_LITERAL_NULL_CONVERSION = YES;
				CLANG_WARN_OBJC_IMPLICIT_RETAIN_SELF = YES;
				CLANG_WARN_OBJC_LITERAL_CONVERSION = YES;
				CLANG_WARN_OBJC_ROOT_CLASS = YES_ERROR;
				CLANG_WARN_QUOTED_INCLUDE_IN_FRAMEWORK_HEADER = YES;
				CLANG_WARN_RANGE_LOOP_ANALYSIS = YES;
				CLANG_WARN_STRICT_PROTOTYPES = YES;
				CLANG_WARN_SUSPICIOUS_MOVE = YES;
				CLANG_WARN_UNGUARDED_AVAILABILITY = YES_AGGRESSIVE;
				CLANG_WARN_UNREACHABLE_CODE = YES;
				CLANG_WARN__DUPLICATE_METHOD_MATCH = YES;
				COPY_PHASE_STRIP = NO;
				DEBUG_INFORMATION_FORMAT = dwarf;
				ENABLE_STRICT_OBJC_MSGSEND = YES;
				ENABLE_TESTABILITY = YES;
				GCC_C_LANGUAGE_STANDARD = gnu11;
				GCC_DYNAMIC_NO_PIC = NO;
				GCC_NO_COMMON_BLOCKS = YES;
				GCC_OPTIMIZATION_LEVEL = 0;
				GCC_PREPROCESSOR_DEFINITIONS = (
					"DEBUG=1",
					"$(inherited)",
				);
				GCC_WARN_64_TO_32_BIT_CONVERSION = YES;
				GCC_WARN_ABOUT_RETURN_TYPE = YES_ERROR;
				GCC_WARN_UNDECLARED_SELECTOR = YES;
				GCC_WARN_UNINITIALIZED_AUTOS = YES_AGGRESSIVE;
				GCC_WARN_UNUSED_FUNCTION = YES;
				GCC_WARN_UNUSED_VARIABLE = YES;
				IPHONEOS_DEPLOYMENT_TARGET = 16.2;
				MTL_ENABLE_DEBUG_INFO = INCLUDE_SOURCE;
				MTL_FAST_MATH = YES;
				ONLY_ACTIVE_ARCH = YES;
				SDKROOT = iphoneos;
				SWIFT_ACTIVE_COMPILATION_CONDITIONS = DEBUG;
				SWIFT_OPTIMIZATION_LEVEL = "-Onone";
			};
			name = Debug;
		};
		FC42070129C1C5C400453338 /* Release */ = {
			isa = XCBuildConfiguration;
			buildSettings = {
				ALWAYS_SEARCH_USER_PATHS = NO;
				CLANG_ANALYZER_NONNULL = YES;
				CLANG_ANALYZER_NUMBER_OBJECT_CONVERSION = YES_AGGRESSIVE;
				CLANG_CXX_LANGUAGE_STANDARD = "gnu++20";
				CLANG_ENABLE_MODULES = YES;
				CLANG_ENABLE_OBJC_ARC = YES;
				CLANG_ENABLE_OBJC_WEAK = YES;
				CLANG_WARN_BLOCK_CAPTURE_AUTORELEASING = YES;
				CLANG_WARN_BOOL_CONVERSION = YES;
				CLANG_WARN_COMMA = YES;
				CLANG_WARN_CONSTANT_CONVERSION = YES;
				CLANG_WARN_DEPRECATED_OBJC_IMPLEMENTATIONS = YES;
				CLANG_WARN_DIRECT_OBJC_ISA_USAGE = YES_ERROR;
				CLANG_WARN_DOCUMENTATION_COMMENTS = YES;
				CLANG_WARN_EMPTY_BODY = YES;
				CLANG_WARN_ENUM_CONVERSION = YES;
				CLANG_WARN_INFINITE_RECURSION = YES;
				CLANG_WARN_INT_CONVERSION = YES;
				CLANG_WARN_NON_LITERAL_NULL_CONVERSION = YES;
				CLANG_WARN_OBJC_IMPLICIT_RETAIN_SELF = YES;
				CLANG_WARN_OBJC_LITERAL_CONVERSION = YES;
				CLANG_WARN_OBJC_ROOT_CLASS = YES_ERROR;
				CLANG_WARN_QUOTED_INCLUDE_IN_FRAMEWORK_HEADER = YES;
				CLANG_WARN_RANGE_LOOP_ANALYSIS = YES;
				CLANG_WARN_STRICT_PROTOTYPES = YES;
				CLANG_WARN_SUSPICIOUS_MOVE = YES;
				CLANG_WARN_UNGUARDED_AVAILABILITY = YES_AGGRESSIVE;
				CLANG_WARN_UNREACHABLE_CODE = YES;
				CLANG_WARN__DUPLICATE_METHOD_MATCH = YES;
				COPY_PHASE_STRIP = NO;
				DEBUG_INFORMATION_FORMAT = "dwarf-with-dsym";
				ENABLE_NS_ASSERTIONS = NO;
				ENABLE_STRICT_OBJC_MSGSEND = YES;
				GCC_C_LANGUAGE_STANDARD = gnu11;
				GCC_NO_COMMON_BLOCKS = YES;
				GCC_WARN_64_TO_32_BIT_CONVERSION = YES;
				GCC_WARN_ABOUT_RETURN_TYPE = YES_ERROR;
				GCC_WARN_UNDECLARED_SELECTOR = YES;
				GCC_WARN_UNINITIALIZED_AUTOS = YES_AGGRESSIVE;
				GCC_WARN_UNUSED_FUNCTION = YES;
				GCC_WARN_UNUSED_VARIABLE = YES;
				IPHONEOS_DEPLOYMENT_TARGET = 16.2;
				MTL_ENABLE_DEBUG_INFO = NO;
				MTL_FAST_MATH = YES;
				SDKROOT = iphoneos;
				SWIFT_COMPILATION_MODE = wholemodule;
				SWIFT_OPTIMIZATION_LEVEL = "-O";
				VALIDATE_PRODUCT = YES;
			};
			name = Release;
		};
		FC42070329C1C5C400453338 /* Debug */ = {
			isa = XCBuildConfiguration;
			buildSettings = {
				ASSETCATALOG_COMPILER_APPICON_NAME = AppIcon;
				ASSETCATALOG_COMPILER_GLOBAL_ACCENT_COLOR_NAME = AccentColor;
				CODE_SIGN_STYLE = Automatic;
				CURRENT_PROJECT_VERSION = 1;
				DEVELOPMENT_TEAM = B8527SZ2ED;
				GENERATE_INFOPLIST_FILE = YES;
				INFOPLIST_FILE = PizzaStore/Info.plist;
				INFOPLIST_KEY_UIApplicationSupportsIndirectInputEvents = YES;
				INFOPLIST_KEY_UILaunchStoryboardName = LaunchScreen;
				INFOPLIST_KEY_UIMainStoryboardFile = Main;
				INFOPLIST_KEY_UISupportedInterfaceOrientations_iPad = "UIInterfaceOrientationPortrait UIInterfaceOrientationPortraitUpsideDown UIInterfaceOrientationLandscapeLeft UIInterfaceOrientationLandscapeRight";
				INFOPLIST_KEY_UISupportedInterfaceOrientations_iPhone = "UIInterfaceOrientationPortrait UIInterfaceOrientationLandscapeLeft UIInterfaceOrientationLandscapeRight";
				IPHONEOS_DEPLOYMENT_TARGET = 15;
				LD_RUNPATH_SEARCH_PATHS = (
					"$(inherited)",
					"@executable_path/Frameworks",
				);
				MARKETING_VERSION = 1.0;
				PRODUCT_BUNDLE_IDENTIFIER = com.advantage.PizzaStore;
				PRODUCT_NAME = "$(TARGET_NAME)";
				SWIFT_EMIT_LOC_STRINGS = YES;
				SWIFT_VERSION = 5.0;
				TARGETED_DEVICE_FAMILY = "1,2";
			};
			name = Debug;
		};
		FC42070429C1C5C400453338 /* Release */ = {
			isa = XCBuildConfiguration;
			buildSettings = {
				ASSETCATALOG_COMPILER_APPICON_NAME = AppIcon;
				ASSETCATALOG_COMPILER_GLOBAL_ACCENT_COLOR_NAME = AccentColor;
				CODE_SIGN_STYLE = Automatic;
				CURRENT_PROJECT_VERSION = 1;
				DEVELOPMENT_TEAM = B8527SZ2ED;
				GENERATE_INFOPLIST_FILE = YES;
				INFOPLIST_FILE = PizzaStore/Info.plist;
				INFOPLIST_KEY_UIApplicationSupportsIndirectInputEvents = YES;
				INFOPLIST_KEY_UILaunchStoryboardName = LaunchScreen;
				INFOPLIST_KEY_UIMainStoryboardFile = Main;
				INFOPLIST_KEY_UISupportedInterfaceOrientations_iPad = "UIInterfaceOrientationPortrait UIInterfaceOrientationPortraitUpsideDown UIInterfaceOrientationLandscapeLeft UIInterfaceOrientationLandscapeRight";
				INFOPLIST_KEY_UISupportedInterfaceOrientations_iPhone = "UIInterfaceOrientationPortrait UIInterfaceOrientationLandscapeLeft UIInterfaceOrientationLandscapeRight";
				IPHONEOS_DEPLOYMENT_TARGET = 15;
				LD_RUNPATH_SEARCH_PATHS = (
					"$(inherited)",
					"@executable_path/Frameworks",
				);
				MARKETING_VERSION = 1.0;
				PRODUCT_BUNDLE_IDENTIFIER = com.advantage.PizzaStore;
				PRODUCT_NAME = "$(TARGET_NAME)";
				SWIFT_EMIT_LOC_STRINGS = YES;
				SWIFT_VERSION = 5.0;
				TARGETED_DEVICE_FAMILY = "1,2";
			};
			name = Release;
		};
/* End XCBuildConfiguration section */

/* Begin XCConfigurationList section */
		FC4206E929C1C5C300453338 /* Build configuration list for PBXProject "PizzaStore" */ = {
			isa = XCConfigurationList;
			buildConfigurations = (
				FC42070029C1C5C400453338 /* Debug */,
				FC42070129C1C5C400453338 /* Release */,
			);
			defaultConfigurationIsVisible = 0;
			defaultConfigurationName = Release;
		};
		FC42070229C1C5C400453338 /* Build configuration list for PBXNativeTarget "PizzaStore" */ = {
			isa = XCConfigurationList;
			buildConfigurations = (
				FC42070329C1C5C400453338 /* Debug */,
				FC42070429C1C5C400453338 /* Release */,
			);
			defaultConfigurationIsVisible = 0;
			defaultConfigurationName = Release;
		};
/* End XCConfigurationList section */
	};
	rootObject = FC4206E629C1C5C300453338 /* Project object */;
}
