// !$*UTF8*$!
{
	archiveVersion = 1;
	classes = {
	};
	objectVersion = 56;
	objects = {

/* Begin PBXBuildFile section */
		FC0255B929A513F900BE6A9C /* Player.swift in Sources */ = {isa = PBXBuildFile; fileRef = FC0255B829A513F900BE6A9C /* Player.swift */; };
		FC04E44D29928A06009A937A /* AppDelegate.swift in Sources */ = {isa = PBXBuildFile; fileRef = FC04E44C29928A06009A937A /* AppDelegate.swift */; };
		FC04E44F29928A06009A937A /* SceneDelegate.swift in Sources */ = {isa = PBXBuildFile; fileRef = FC04E44E29928A06009A937A /* SceneDelegate.swift */; };
		FC04E45129928A06009A937A /* MainViewController.swift in Sources */ = {isa = PBXBuildFile; fileRef = FC04E45029928A06009A937A /* MainViewController.swift */; };
		FC04E45429928A06009A937A /* Main.storyboard in Resources */ = {isa = PBXBuildFile; fileRef = FC04E45229928A06009A937A /* Main.storyboard */; };
		FC04E45629928A08009A937A /* Assets.xcassets in Resources */ = {isa = PBXBuildFile; fileRef = FC04E45529928A08009A937A /* Assets.xcassets */; };
		FC04E45929928A08009A937A /* LaunchScreen.storyboard in Resources */ = {isa = PBXBuildFile; fileRef = FC04E45729928A08009A937A /* LaunchScreen.storyboard */; };
		FC2050E0299D75EF00CEE1D5 /* SettingsViewController.swift in Sources */ = {isa = PBXBuildFile; fileRef = FC2050DE299D75EF00CEE1D5 /* SettingsViewController.swift */; };
		FC2050E1299D75EF00CEE1D5 /* SettingsViewController.xib in Resources */ = {isa = PBXBuildFile; fileRef = FC2050DF299D75EF00CEE1D5 /* SettingsViewController.xib */; };
		FC60819429B0B427002C4466 /* Writer.swift in Sources */ = {isa = PBXBuildFile; fileRef = FC60819329B0B427002C4466 /* Writer.swift */; };
		FC60819629B0B433002C4466 /* Reader.swift in Sources */ = {isa = PBXBuildFile; fileRef = FC60819529B0B433002C4466 /* Reader.swift */; };
		FC60819929B11771002C4466 /* Date.swift in Sources */ = {isa = PBXBuildFile; fileRef = FC60819829B11771002C4466 /* Date.swift */; };
		FC60819B29B117D3002C4466 /* DateFormatter.swift in Sources */ = {isa = PBXBuildFile; fileRef = FC60819A29B117D3002C4466 /* DateFormatter.swift */; };
		FC60819D29B119A5002C4466 /* Settings.swift in Sources */ = {isa = PBXBuildFile; fileRef = FC60819C29B119A5002C4466 /* Settings.swift */; };
		FC60819F29B119E1002C4466 /* HighScoreTable.swift in Sources */ = {isa = PBXBuildFile; fileRef = FC60819E29B119E1002C4466 /* HighScoreTable.swift */; };
		FC6081A229B11A7C002C4466 /* ChagnedLevelDelegate.swift in Sources */ = {isa = PBXBuildFile; fileRef = FC6081A129B11A7C002C4466 /* ChagnedLevelDelegate.swift */; };
		FC9078F729B4CF3300DD7F87 /* TopScoresViewController.xib in Resources */ = {isa = PBXBuildFile; fileRef = FC9078F629B4CF3300DD7F87 /* TopScoresViewController.xib */; };
		FC90B79029B4DB260004D7E0 /* TopScoreCell.xib in Resources */ = {isa = PBXBuildFile; fileRef = FC90B78F29B4DB260004D7E0 /* TopScoreCell.xib */; };
		FCB94A00299FA63000A6814A /* HighScoreViewController.swift in Sources */ = {isa = PBXBuildFile; fileRef = FCB949FE299FA63000A6814A /* HighScoreViewController.swift */; };
		FCB94A01299FA63000A6814A /* HighScoreViewController.xib in Resources */ = {isa = PBXBuildFile; fileRef = FCB949FF299FA63000A6814A /* HighScoreViewController.xib */; };
		FCBE533A29B260B300A01E35 /* ChangedMainViewDelegate.swift in Sources */ = {isa = PBXBuildFile; fileRef = FCBE533929B260B300A01E35 /* ChangedMainViewDelegate.swift */; };
		FCC5494029B2074F0059D78E /* TopScoreCell.swift in Sources */ = {isa = PBXBuildFile; fileRef = FCC5493F29B2074E0059D78E /* TopScoreCell.swift */; };
		FCD4B91329968BCA00B1D29E /* AboutViewController.swift in Sources */ = {isa = PBXBuildFile; fileRef = FCD4B91129968BCA00B1D29E /* AboutViewController.swift */; };
		FCD4B91429968BCA00B1D29E /* AboutViewController.xib in Resources */ = {isa = PBXBuildFile; fileRef = FCD4B91229968BCA00B1D29E /* AboutViewController.xib */; };
		FCFABF1229A37740006254D2 /* TopScoresViewController.swift in Sources */ = {isa = PBXBuildFile; fileRef = FCFABF1029A37740006254D2 /* TopScoresViewController.swift */; };
/* End PBXBuildFile section */

/* Begin PBXFileReference section */
		FC0255B829A513F900BE6A9C /* Player.swift */ = {isa = PBXFileReference; lastKnownFileType = sourcecode.swift; path = Player.swift; sourceTree = "<group>"; };
		FC04E44929928A06009A937A /* MyFirstApp.app */ = {isa = PBXFileReference; explicitFileType = wrapper.application; includeInIndex = 0; path = MyFirstApp.app; sourceTree = BUILT_PRODUCTS_DIR; };
		FC04E44C29928A06009A937A /* AppDelegate.swift */ = {isa = PBXFileReference; lastKnownFileType = sourcecode.swift; path = AppDelegate.swift; sourceTree = "<group>"; };
		FC04E44E29928A06009A937A /* SceneDelegate.swift */ = {isa = PBXFileReference; lastKnownFileType = sourcecode.swift; path = SceneDelegate.swift; sourceTree = "<group>"; };
		FC04E45029928A06009A937A /* MainViewController.swift */ = {isa = PBXFileReference; lastKnownFileType = sourcecode.swift; path = MainViewController.swift; sourceTree = "<group>"; };
		FC04E45329928A06009A937A /* Base */ = {isa = PBXFileReference; lastKnownFileType = file.storyboard; name = Base; path = Base.lproj/Main.storyboard; sourceTree = "<group>"; };
		FC04E45529928A08009A937A /* Assets.xcassets */ = {isa = PBXFileReference; lastKnownFileType = folder.assetcatalog; path = Assets.xcassets; sourceTree = "<group>"; };
		FC04E45829928A08009A937A /* Base */ = {isa = PBXFileReference; lastKnownFileType = file.storyboard; name = Base; path = Base.lproj/LaunchScreen.storyboard; sourceTree = "<group>"; };
		FC04E45A29928A08009A937A /* Info.plist */ = {isa = PBXFileReference; lastKnownFileType = text.plist.xml; path = Info.plist; sourceTree = "<group>"; };
		FC2050DE299D75EF00CEE1D5 /* SettingsViewController.swift */ = {isa = PBXFileReference; lastKnownFileType = sourcecode.swift; path = SettingsViewController.swift; sourceTree = "<group>"; };
		FC2050DF299D75EF00CEE1D5 /* SettingsViewController.xib */ = {isa = PBXFileReference; lastKnownFileType = file.xib; path = SettingsViewController.xib; sourceTree = "<group>"; };
		FC60819329B0B427002C4466 /* Writer.swift */ = {isa = PBXFileReference; lastKnownFileType = sourcecode.swift; path = Writer.swift; sourceTree = "<group>"; };
		FC60819529B0B433002C4466 /* Reader.swift */ = {isa = PBXFileReference; lastKnownFileType = sourcecode.swift; path = Reader.swift; sourceTree = "<group>"; };
		FC60819829B11771002C4466 /* Date.swift */ = {isa = PBXFileReference; lastKnownFileType = sourcecode.swift; path = Date.swift; sourceTree = "<group>"; };
		FC60819A29B117D3002C4466 /* DateFormatter.swift */ = {isa = PBXFileReference; lastKnownFileType = sourcecode.swift; path = DateFormatter.swift; sourceTree = "<group>"; };
		FC60819C29B119A5002C4466 /* Settings.swift */ = {isa = PBXFileReference; lastKnownFileType = sourcecode.swift; path = Settings.swift; sourceTree = "<group>"; };
		FC60819E29B119E1002C4466 /* HighScoreTable.swift */ = {isa = PBXFileReference; lastKnownFileType = sourcecode.swift; path = HighScoreTable.swift; sourceTree = "<group>"; };
		FC6081A129B11A7C002C4466 /* ChagnedLevelDelegate.swift */ = {isa = PBXFileReference; lastKnownFileType = sourcecode.swift; path = ChagnedLevelDelegate.swift; sourceTree = "<group>"; };
		FC9078F629B4CF3300DD7F87 /* TopScoresViewController.xib */ = {isa = PBXFileReference; lastKnownFileType = file.xib; path = TopScoresViewController.xib; sourceTree = "<group>"; };
		FC90B78F29B4DB260004D7E0 /* TopScoreCell.xib */ = {isa = PBXFileReference; lastKnownFileType = file.xib; path = TopScoreCell.xib; sourceTree = "<group>"; };
		FCB949FE299FA63000A6814A /* HighScoreViewController.swift */ = {isa = PBXFileReference; lastKnownFileType = sourcecode.swift; path = HighScoreViewController.swift; sourceTree = "<group>"; };
		FCB949FF299FA63000A6814A /* HighScoreViewController.xib */ = {isa = PBXFileReference; lastKnownFileType = file.xib; path = HighScoreViewController.xib; sourceTree = "<group>"; };
		FCBE533929B260B300A01E35 /* ChangedMainViewDelegate.swift */ = {isa = PBXFileReference; lastKnownFileType = sourcecode.swift; path = ChangedMainViewDelegate.swift; sourceTree = "<group>"; };
		FCC5493F29B2074E0059D78E /* TopScoreCell.swift */ = {isa = PBXFileReference; lastKnownFileType = sourcecode.swift; path = TopScoreCell.swift; sourceTree = "<group>"; };
		FCD4B91129968BCA00B1D29E /* AboutViewController.swift */ = {isa = PBXFileReference; lastKnownFileType = sourcecode.swift; path = AboutViewController.swift; sourceTree = "<group>"; };
		FCD4B91229968BCA00B1D29E /* AboutViewController.xib */ = {isa = PBXFileReference; lastKnownFileType = file.xib; path = AboutViewController.xib; sourceTree = "<group>"; };
		FCFABF1029A37740006254D2 /* TopScoresViewController.swift */ = {isa = PBXFileReference; lastKnownFileType = sourcecode.swift; path = TopScoresViewController.swift; sourceTree = "<group>"; };
/* End PBXFileReference section */

/* Begin PBXFrameworksBuildPhase section */
		FC04E44629928A06009A937A /* Frameworks */ = {
			isa = PBXFrameworksBuildPhase;
			buildActionMask = 2147483647;
			files = (
			);
			runOnlyForDeploymentPostprocessing = 0;
		};
/* End PBXFrameworksBuildPhase section */

/* Begin PBXGroup section */
		FC04E44029928A06009A937A = {
			isa = PBXGroup;
			children = (
				FC04E44B29928A06009A937A /* MyFirstApp */,
				FC04E44A29928A06009A937A /* Products */,
			);
			sourceTree = "<group>";
		};
		FC04E44A29928A06009A937A /* Products */ = {
			isa = PBXGroup;
			children = (
				FC04E44929928A06009A937A /* MyFirstApp.app */,
			);
			name = Products;
			sourceTree = "<group>";
		};
		FC04E44B29928A06009A937A /* MyFirstApp */ = {
			isa = PBXGroup;
			children = (
				FC6081A029B11A6B002C4466 /* Delegates */,
				FC60819729B11758002C4466 /* Extensions */,
				FC60819229B0A5D5002C4466 /* Resources */,
				FC3D465729ADEC660071004F /* Models */,
				FC3D465629ADEC5F0071004F /* View Controllers */,
				FC3D465529ADEC570071004F /* Views */,
				FC04E44C29928A06009A937A /* AppDelegate.swift */,
				FC04E44E29928A06009A937A /* SceneDelegate.swift */,
				FC04E45729928A08009A937A /* LaunchScreen.storyboard */,
				FC04E45A29928A08009A937A /* Info.plist */,
			);
			path = MyFirstApp;
			sourceTree = "<group>";
		};
		FC3D465529ADEC570071004F /* Views */ = {
			isa = PBXGroup;
			children = (
				FC04E45229928A06009A937A /* Main.storyboard */,
				FCB949FF299FA63000A6814A /* HighScoreViewController.xib */,
				FCD4B91229968BCA00B1D29E /* AboutViewController.xib */,
				FC2050DF299D75EF00CEE1D5 /* SettingsViewController.xib */,
				FC9078F629B4CF3300DD7F87 /* TopScoresViewController.xib */,
				FC90B78F29B4DB260004D7E0 /* TopScoreCell.xib */,
			);
			path = Views;
			sourceTree = "<group>";
		};
		FC3D465629ADEC5F0071004F /* View Controllers */ = {
			isa = PBXGroup;
			children = (
				FC04E45029928A06009A937A /* MainViewController.swift */,
				FCD4B91129968BCA00B1D29E /* AboutViewController.swift */,
				FCFABF1029A37740006254D2 /* TopScoresViewController.swift */,
				FCB949FE299FA63000A6814A /* HighScoreViewController.swift */,
				FC2050DE299D75EF00CEE1D5 /* SettingsViewController.swift */,
			);
			path = "View Controllers";
			sourceTree = "<group>";
		};
		FC3D465729ADEC660071004F /* Models */ = {
			isa = PBXGroup;
			children = (
				FC0255B829A513F900BE6A9C /* Player.swift */,
				FC60819329B0B427002C4466 /* Writer.swift */,
				FC60819529B0B433002C4466 /* Reader.swift */,
				FC60819C29B119A5002C4466 /* Settings.swift */,
				FC60819E29B119E1002C4466 /* HighScoreTable.swift */,
				FCC5493F29B2074E0059D78E /* TopScoreCell.swift */,
			);
			path = Models;
			sourceTree = "<group>";
		};
		FC60819229B0A5D5002C4466 /* Resources */ = {
			isa = PBXGroup;
			children = (
				FC04E45529928A08009A937A /* Assets.xcassets */,
			);
			path = Resources;
			sourceTree = "<group>";
		};
		FC60819729B11758002C4466 /* Extensions */ = {
			isa = PBXGroup;
			children = (
				FC60819829B11771002C4466 /* Date.swift */,
				FC60819A29B117D3002C4466 /* DateFormatter.swift */,
			);
			path = Extensions;
			sourceTree = "<group>";
		};
		FC6081A029B11A6B002C4466 /* Delegates */ = {
			isa = PBXGroup;
			children = (
				FC6081A129B11A7C002C4466 /* ChagnedLevelDelegate.swift */,
				FCBE533929B260B300A01E35 /* ChangedMainViewDelegate.swift */,
			);
			path = Delegates;
			sourceTree = "<group>";
		};
/* End PBXGroup section */

/* Begin PBXNativeTarget section */
		FC04E44829928A06009A937A /* MyFirstApp */ = {
			isa = PBXNativeTarget;
			buildConfigurationList = FC04E45D29928A08009A937A /* Build configuration list for PBXNativeTarget "MyFirstApp" */;
			buildPhases = (
				FC04E44529928A06009A937A /* Sources */,
				FC04E44629928A06009A937A /* Frameworks */,
				FC04E44729928A06009A937A /* Resources */,
			);
			buildRules = (
			);
			dependencies = (
			);
			name = MyFirstApp;
			productName = MyFirstApp;
			productReference = FC04E44929928A06009A937A /* MyFirstApp.app */;
			productType = "com.apple.product-type.application";
		};
/* End PBXNativeTarget section */

/* Begin PBXProject section */
		FC04E44129928A06009A937A /* Project object */ = {
			isa = PBXProject;
			attributes = {
				BuildIndependentTargetsInParallel = 1;
				LastSwiftUpdateCheck = 1420;
				LastUpgradeCheck = 1420;
				TargetAttributes = {
					FC04E44829928A06009A937A = {
						CreatedOnToolsVersion = 14.2;
					};
				};
			};
			buildConfigurationList = FC04E44429928A06009A937A /* Build configuration list for PBXProject "MyFirstApp" */;
			compatibilityVersion = "Xcode 14.0";
			developmentRegion = en;
			hasScannedForEncodings = 0;
			knownRegions = (
				en,
				Base,
			);
			mainGroup = FC04E44029928A06009A937A;
			productRefGroup = FC04E44A29928A06009A937A /* Products */;
			projectDirPath = "";
			projectRoot = "";
			targets = (
				FC04E44829928A06009A937A /* MyFirstApp */,
			);
		};
/* End PBXProject section */

/* Begin PBXResourcesBuildPhase section */
		FC04E44729928A06009A937A /* Resources */ = {
			isa = PBXResourcesBuildPhase;
			buildActionMask = 2147483647;
			files = (
				FC90B79029B4DB260004D7E0 /* TopScoreCell.xib in Resources */,
				FC04E45929928A08009A937A /* LaunchScreen.storyboard in Resources */,
				FC04E45629928A08009A937A /* Assets.xcassets in Resources */,
				FCD4B91429968BCA00B1D29E /* AboutViewController.xib in Resources */,
				FC04E45429928A06009A937A /* Main.storyboard in Resources */,
				FC9078F729B4CF3300DD7F87 /* TopScoresViewController.xib in Resources */,
				FC2050E1299D75EF00CEE1D5 /* SettingsViewController.xib in Resources */,
				FCB94A01299FA63000A6814A /* HighScoreViewController.xib in Resources */,
			);
			runOnlyForDeploymentPostprocessing = 0;
		};
/* End PBXResourcesBuildPhase section */

/* Begin PBXSourcesBuildPhase section */
		FC04E44529928A06009A937A /* Sources */ = {
			isa = PBXSourcesBuildPhase;
			buildActionMask = 2147483647;
			files = (
				FC04E45129928A06009A937A /* MainViewController.swift in Sources */,
				FC6081A229B11A7C002C4466 /* ChagnedLevelDelegate.swift in Sources */,
				FC04E44D29928A06009A937A /* AppDelegate.swift in Sources */,
				FCD4B91329968BCA00B1D29E /* AboutViewController.swift in Sources */,
				FC60819D29B119A5002C4466 /* Settings.swift in Sources */,
				FCBE533A29B260B300A01E35 /* ChangedMainViewDelegate.swift in Sources */,
				FC60819B29B117D3002C4466 /* DateFormatter.swift in Sources */,
				FCFABF1229A37740006254D2 /* TopScoresViewController.swift in Sources */,
				FC60819629B0B433002C4466 /* Reader.swift in Sources */,
				FC0255B929A513F900BE6A9C /* Player.swift in Sources */,
				FC60819429B0B427002C4466 /* Writer.swift in Sources */,
				FC60819F29B119E1002C4466 /* HighScoreTable.swift in Sources */,
				FC2050E0299D75EF00CEE1D5 /* SettingsViewController.swift in Sources */,
				FCC5494029B2074F0059D78E /* TopScoreCell.swift in Sources */,
				FC04E44F29928A06009A937A /* SceneDelegate.swift in Sources */,
				FCB94A00299FA63000A6814A /* HighScoreViewController.swift in Sources */,
				FC60819929B11771002C4466 /* Date.swift in Sources */,
			);
			runOnlyForDeploymentPostprocessing = 0;
		};
/* End PBXSourcesBuildPhase section */

/* Begin PBXVariantGroup section */
		FC04E45229928A06009A937A /* Main.storyboard */ = {
			isa = PBXVariantGroup;
			children = (
				FC04E45329928A06009A937A /* Base */,
			);
			name = Main.storyboard;
			sourceTree = "<group>";
		};
		FC04E45729928A08009A937A /* LaunchScreen.storyboard */ = {
			isa = PBXVariantGroup;
			children = (
				FC04E45829928A08009A937A /* Base */,
			);
			name = LaunchScreen.storyboard;
			sourceTree = "<group>";
		};
/* End PBXVariantGroup section */

/* Begin XCBuildConfiguration section */
		FC04E45B29928A08009A937A /* Debug */ = {
			isa = XCBuildConfiguration;
			buildSettings = {
				ALWAYS_SEARCH_USER_PATHS = NO;
				CLANG_ANALYZER_NONNULL = YES;
				CLANG_ANALYZER_NUMBER_OBJECT_CONVERSION = YES_AGGRESSIVE;
				CLANG_CXX_LANGUAGE_STANDARD = "gnu++20";
				CLANG_ENABLE_MODULES = YES;
				CLANG_ENABLE_OBJC_ARC = YES;
				CLANG_ENABLE_OBJC_WEAK = YES;
				CLANG_WARN_BLOCK_CAPTURE_AUTORELEASING = YES;
				CLANG_WARN_BOOL_CONVERSION = YES;
				CLANG_WARN_COMMA = YES;
				CLANG_WARN_CONSTANT_CONVERSION = YES;
				CLANG_WARN_DEPRECATED_OBJC_IMPLEMENTATIONS = YES;
				CLANG_WARN_DIRECT_OBJC_ISA_USAGE = YES_ERROR;
				CLANG_WARN_DOCUMENTATION_COMMENTS = YES;
				CLANG_WARN_EMPTY_BODY = YES;
				CLANG_WARN_ENUM_CONVERSION = YES;
				CLANG_WARN_INFINITE_RECURSION = YES;
				CLANG_WARN_INT_CONVERSION = YES;
				CLANG_WARN_NON_LITERAL_NULL_CONVERSION = YES;
				CLANG_WARN_OBJC_IMPLICIT_RETAIN_SELF = YES;
				CLANG_WARN_OBJC_LITERAL_CONVERSION = YES;
				CLANG_WARN_OBJC_ROOT_CLASS = YES_ERROR;
				CLANG_WARN_QUOTED_INCLUDE_IN_FRAMEWORK_HEADER = YES;
				CLANG_WARN_RANGE_LOOP_ANALYSIS = YES;
				CLANG_WARN_STRICT_PROTOTYPES = YES;
				CLANG_WARN_SUSPICIOUS_MOVE = YES;
				CLANG_WARN_UNGUARDED_AVAILABILITY = YES_AGGRESSIVE;
				CLANG_WARN_UNREACHABLE_CODE = YES;
				CLANG_WARN__DUPLICATE_METHOD_MATCH = YES;
				COPY_PHASE_STRIP = NO;
				DEBUG_INFORMATION_FORMAT = dwarf;
				ENABLE_STRICT_OBJC_MSGSEND = YES;
				ENABLE_TESTABILITY = YES;
				GCC_C_LANGUAGE_STANDARD = gnu11;
				GCC_DYNAMIC_NO_PIC = NO;
				GCC_NO_COMMON_BLOCKS = YES;
				GCC_OPTIMIZATION_LEVEL = 0;
				GCC_PREPROCESSOR_DEFINITIONS = (
					"DEBUG=1",
					"$(inherited)",
				);
				GCC_WARN_64_TO_32_BIT_CONVERSION = YES;
				GCC_WARN_ABOUT_RETURN_TYPE = YES_ERROR;
				GCC_WARN_UNDECLARED_SELECTOR = YES;
				GCC_WARN_UNINITIALIZED_AUTOS = YES_AGGRESSIVE;
				GCC_WARN_UNUSED_FUNCTION = YES;
				GCC_WARN_UNUSED_VARIABLE = YES;
				IPHONEOS_DEPLOYMENT_TARGET = 15.0;
				MTL_ENABLE_DEBUG_INFO = INCLUDE_SOURCE;
				MTL_FAST_MATH = YES;
				ONLY_ACTIVE_ARCH = YES;
				SDKROOT = iphoneos;
				SWIFT_ACTIVE_COMPILATION_CONDITIONS = DEBUG;
				SWIFT_OPTIMIZATION_LEVEL = "-Onone";
			};
			name = Debug;
		};
		FC04E45C29928A08009A937A /* Release */ = {
			isa = XCBuildConfiguration;
			buildSettings = {
				ALWAYS_SEARCH_USER_PATHS = NO;
				CLANG_ANALYZER_NONNULL = YES;
				CLANG_ANALYZER_NUMBER_OBJECT_CONVERSION = YES_AGGRESSIVE;
				CLANG_CXX_LANGUAGE_STANDARD = "gnu++20";
				CLANG_ENABLE_MODULES = YES;
				CLANG_ENABLE_OBJC_ARC = YES;
				CLANG_ENABLE_OBJC_WEAK = YES;
				CLANG_WARN_BLOCK_CAPTURE_AUTORELEASING = YES;
				CLANG_WARN_BOOL_CONVERSION = YES;
				CLANG_WARN_COMMA = YES;
				CLANG_WARN_CONSTANT_CONVERSION = YES;
				CLANG_WARN_DEPRECATED_OBJC_IMPLEMENTATIONS = YES;
				CLANG_WARN_DIRECT_OBJC_ISA_USAGE = YES_ERROR;
				CLANG_WARN_DOCUMENTATION_COMMENTS = YES;
				CLANG_WARN_EMPTY_BODY = YES;
				CLANG_WARN_ENUM_CONVERSION = YES;
				CLANG_WARN_INFINITE_RECURSION = YES;
				CLANG_WARN_INT_CONVERSION = YES;
				CLANG_WARN_NON_LITERAL_NULL_CONVERSION = YES;
				CLANG_WARN_OBJC_IMPLICIT_RETAIN_SELF = YES;
				CLANG_WARN_OBJC_LITERAL_CONVERSION = YES;
				CLANG_WARN_OBJC_ROOT_CLASS = YES_ERROR;
				CLANG_WARN_QUOTED_INCLUDE_IN_FRAMEWORK_HEADER = YES;
				CLANG_WARN_RANGE_LOOP_ANALYSIS = YES;
				CLANG_WARN_STRICT_PROTOTYPES = YES;
				CLANG_WARN_SUSPICIOUS_MOVE = YES;
				CLANG_WARN_UNGUARDED_AVAILABILITY = YES_AGGRESSIVE;
				CLANG_WARN_UNREACHABLE_CODE = YES;
				CLANG_WARN__DUPLICATE_METHOD_MATCH = YES;
				COPY_PHASE_STRIP = NO;
				DEBUG_INFORMATION_FORMAT = "dwarf-with-dsym";
				ENABLE_NS_ASSERTIONS = NO;
				ENABLE_STRICT_OBJC_MSGSEND = YES;
				GCC_C_LANGUAGE_STANDARD = gnu11;
				GCC_NO_COMMON_BLOCKS = YES;
				GCC_WARN_64_TO_32_BIT_CONVERSION = YES;
				GCC_WARN_ABOUT_RETURN_TYPE = YES_ERROR;
				GCC_WARN_UNDECLARED_SELECTOR = YES;
				GCC_WARN_UNINITIALIZED_AUTOS = YES_AGGRESSIVE;
				GCC_WARN_UNUSED_FUNCTION = YES;
				GCC_WARN_UNUSED_VARIABLE = YES;
				IPHONEOS_DEPLOYMENT_TARGET = 15.0;
				MTL_ENABLE_DEBUG_INFO = NO;
				MTL_FAST_MATH = YES;
				SDKROOT = iphoneos;
				SWIFT_COMPILATION_MODE = wholemodule;
				SWIFT_OPTIMIZATION_LEVEL = "-O";
				VALIDATE_PRODUCT = YES;
			};
			name = Release;
		};
		FC04E45E29928A08009A937A /* Debug */ = {
			isa = XCBuildConfiguration;
			buildSettings = {
				ASSETCATALOG_COMPILER_APPICON_NAME = AppIcon;
				ASSETCATALOG_COMPILER_GLOBAL_ACCENT_COLOR_NAME = AccentColor;
				CODE_SIGN_STYLE = Automatic;
				CURRENT_PROJECT_VERSION = 1;
				DEVELOPMENT_TEAM = B8527SZ2ED;
				GENERATE_INFOPLIST_FILE = YES;
				INFOPLIST_FILE = MyFirstApp/Info.plist;
				INFOPLIST_KEY_UIApplicationSupportsIndirectInputEvents = YES;
				INFOPLIST_KEY_UILaunchStoryboardName = LaunchScreen;
				INFOPLIST_KEY_UIMainStoryboardFile = Main;
				INFOPLIST_KEY_UISupportedInterfaceOrientations_iPad = "UIInterfaceOrientationPortrait UIInterfaceOrientationPortraitUpsideDown UIInterfaceOrientationLandscapeLeft UIInterfaceOrientationLandscapeRight";
				INFOPLIST_KEY_UISupportedInterfaceOrientations_iPhone = "UIInterfaceOrientationPortrait UIInterfaceOrientationLandscapeLeft UIInterfaceOrientationLandscapeRight";
				IPHONEOS_DEPLOYMENT_TARGET = 15.0;
				LD_RUNPATH_SEARCH_PATHS = (
					"$(inherited)",
					"@executable_path/Frameworks",
				);
				MARKETING_VERSION = 1.0;
				PRODUCT_BUNDLE_IDENTIFIER = com.advantage.MyFirstApp;
				PRODUCT_NAME = "$(TARGET_NAME)";
				SWIFT_EMIT_LOC_STRINGS = YES;
				SWIFT_VERSION = 5.0;
				TARGETED_DEVICE_FAMILY = "1,2";
			};
			name = Debug;
		};
		FC04E45F29928A08009A937A /* Release */ = {
			isa = XCBuildConfiguration;
			buildSettings = {
				ASSETCATALOG_COMPILER_APPICON_NAME = AppIcon;
				ASSETCATALOG_COMPILER_GLOBAL_ACCENT_COLOR_NAME = AccentColor;
				CODE_SIGN_STYLE = Automatic;
				CURRENT_PROJECT_VERSION = 1;
				DEVELOPMENT_TEAM = B8527SZ2ED;
				GENERATE_INFOPLIST_FILE = YES;
				INFOPLIST_FILE = MyFirstApp/Info.plist;
				INFOPLIST_KEY_UIApplicationSupportsIndirectInputEvents = YES;
				INFOPLIST_KEY_UILaunchStoryboardName = LaunchScreen;
				INFOPLIST_KEY_UIMainStoryboardFile = Main;
				INFOPLIST_KEY_UISupportedInterfaceOrientations_iPad = "UIInterfaceOrientationPortrait UIInterfaceOrientationPortraitUpsideDown UIInterfaceOrientationLandscapeLeft UIInterfaceOrientationLandscapeRight";
				INFOPLIST_KEY_UISupportedInterfaceOrientations_iPhone = "UIInterfaceOrientationPortrait UIInterfaceOrientationLandscapeLeft UIInterfaceOrientationLandscapeRight";
				IPHONEOS_DEPLOYMENT_TARGET = 15.0;
				LD_RUNPATH_SEARCH_PATHS = (
					"$(inherited)",
					"@executable_path/Frameworks",
				);
				MARKETING_VERSION = 1.0;
				PRODUCT_BUNDLE_IDENTIFIER = com.advantage.MyFirstApp;
				PRODUCT_NAME = "$(TARGET_NAME)";
				SWIFT_EMIT_LOC_STRINGS = YES;
				SWIFT_VERSION = 5.0;
				TARGETED_DEVICE_FAMILY = "1,2";
			};
			name = Release;
		};
/* End XCBuildConfiguration section */

/* Begin XCConfigurationList section */
		FC04E44429928A06009A937A /* Build configuration list for PBXProject "MyFirstApp" */ = {
			isa = XCConfigurationList;
			buildConfigurations = (
				FC04E45B29928A08009A937A /* Debug */,
				FC04E45C29928A08009A937A /* Release */,
			);
			defaultConfigurationIsVisible = 0;
			defaultConfigurationName = Release;
		};
		FC04E45D29928A08009A937A /* Build configuration list for PBXNativeTarget "MyFirstApp" */ = {
			isa = XCConfigurationList;
			buildConfigurations = (
				FC04E45E29928A08009A937A /* Debug */,
				FC04E45F29928A08009A937A /* Release */,
			);
			defaultConfigurationIsVisible = 0;
			defaultConfigurationName = Release;
		};
/* End XCConfigurationList section */
	};
	rootObject = FC04E44129928A06009A937A /* Project object */;
}
